{
  "version": 1,
  "dependencies": {
    "net10.0-windows7.0": {
      "BCrypt.Net-Next": {
        "type": "Direct",
        "requested": "[4.2.0, )",
        "resolved": "4.2.0",
        "contentHash": "gwLD2KfCuwQesP17aVh4h6lpiMPEVt5Lbpndo0ej903hNUUTtyxt3ARdDjmuydBRTAUICc7OVKVbaOvc6SQYXA=="
      },
      "Castle.Core": {
        "type": "Direct",
        "requested": "[5.2.1, )",
        "resolved": "5.2.1",
        "contentHash": "wHARzQA695jwwKreOzNsq54KiGqKP38tv8hi8e2FXDEC/sA6BtrX90tVPDkOfVu13PbEzr00TCV8coikl+D1Iw==",
        "dependencies": {
          "System.Diagnostics.EventLog": "6.0.0"
        }
      },
      "Clipper2": {
        "type": "Direct",
        "requested": "[2.0.0, )",
        "resolved": "2.0.0",
        "contentHash": "2X23RZxJrjRjOSZc20aqXY9jpmHLekDRy4PIMfrsi2LPNzxFYlnuqzX/nLdk77fbURHUeX+gMhUn2a1z9/wMTQ=="
      },
      "DotNet.ReproducibleBuilds": {
        "type": "Direct",
        "requested": "[2.0.5, )",
        "resolved": "2.0.5",
        "contentHash": "8LrlvI1KpjjJ4VGSqZ16yoOCKlQnYS+Y8rYNifNrscmVh5anJcF9E4e0NiDP30BHBMUbkoJ5KdcxoRWM7Pz9Aw=="
      },
      "Konscious.Security.Cryptography.Argon2": {
        "type": "Direct",
        "requested": "[1.3.1, )",
        "resolved": "1.3.1",
        "contentHash": "T+OAGwzYYXftahpOxO7J4xA5K6urxwGnWQf3M+Jpi+76Azv/0T3M5SuN+h7/QvXuiqNw3ZEZ5QqVLI5ygDAylw==",
        "dependencies": {
          "Konscious.Security.Cryptography.Blake2": "1.1.1"
        }
      },
      "Newtonsoft.Json": {
        "type": "Direct",
        "requested": "[13.0.4, )",
        "resolved": "13.0.4",
        "contentHash": "pdgNNMai3zv51W5aq268sujXUyx7SNdE2bj1wZcWjAQrKMFZV260lbqYop1d2GM67JI1huLRwxo9ZqnfF/lC6A=="
      },
      "SharpGLTF.Core": {
        "type": "Direct",
        "requested": "[1.0.6, )",
        "resolved": "1.0.6",
        "contentHash": "m3qIvUnpvRRfQ0fp0TFfpPk+vsHkCIOf/uIVJ19fe9dwa29KCO/PeHVXKAph8nsFxFLXitTIIqCa5W8JGLMhBg=="
      },
      "System.Data.SQLite": {
        "type": "Direct",
        "requested": "[2.0.4, )",
        "resolved": "2.0.4",
        "contentHash": "iiawN8l6QBzLZTK2BQRyq/1XmvDONghjvXoDhkkQgPTG8bRIsmIxJV1+Lc75fviNgMnjAE3wxReVJAF7P1hkoQ=="
      },
      "Konscious.Security.Cryptography.Blake2": {
        "type": "Transitive",
        "resolved": "1.1.1",
        "contentHash": "odwOyzj/J/lHJZNwFWJGU/LRecBShupAJ2S8TQqZfhUe9niHzu/voBYK5wuVKsvSpzbfupKQYZguVyIk1sgOkQ=="
      },
      "SocketIO.Core": {
        "type": "Transitive",
        "resolved": "3.1.2",
        "contentHash": "tb6vZ7DYhZooRGLHTPK7/Gifbu+kHbkQRbsee0LAnI28pWc5+Br+juh4pvid3kfIrGTl5dzAfy5huLELVU4svA=="
      },
      "SocketIO.Serializer.Core": {
        "type": "Transitive",
        "resolved": "3.1.2",
        "contentHash": "/cJtU3JVzjqP/Jh3BpMMR0aNzYua6s9e3+hjZ6OnYprFHrGYyg/n9OcST1dBjmOvvgyJ3GwJlyq0NjnPETAHsA==",
        "dependencies": {
          "SocketIO.Core": "3.1.2"
        }
      },
      "SocketIO.Serializer.NewtonsoftJson": {
        "type": "Transitive",
        "resolved": "3.1.2",
        "contentHash": "vTCbbPo3UOC3KOma1VqNkZg33A/Y14ZHWT0y3JP65BWTmJN9B2NdeA1mkPkncponq6UkdszMobJ5WXHIOkvqtg==",
        "dependencies": {
          "Newtonsoft.Json": "13.0.3",
          "SocketIO.Core": "3.1.2",
          "SocketIO.Serializer.Core": "3.1.2"
        }
      },
      "SocketIO.Serializer.SystemTextJson": {
        "type": "Transitive",
        "resolved": "3.1.2",
        "contentHash": "AA8w3Y4JldC3FaL1D4WuyG4zLPdrzjf8AQx1LCKtzlMlTLOcbEW0UGt+BhKxkUnxYAD5O5fsqRrTNCGXu6VeWA==",
        "dependencies": {
          "SocketIO.Core": "3.1.2",
          "SocketIO.Serializer.Core": "3.1.2"
        }
      },
      "SocketIOClient": {
        "type": "Transitive",
        "resolved": "3.1.2",
        "contentHash": "CMmnmhvG1Qf8k6BPh3RLqc/9MNvGUlCOyptjoP8a62bowPQkHTWvN25yy+gQqx5Ry/NgzkQHBJNpmRJhZNZrVQ==",
        "dependencies": {
          "SocketIO.Serializer.Core": "3.1.2",
          "SocketIO.Serializer.SystemTextJson": "3.1.2"
        }
      },
      "System.Diagnostics.EventLog": {
        "type": "Transitive",
        "resolved": "6.0.0",
        "contentHash": "lcyUiXTsETK2ALsZrX+nWuHSIQeazhqPphLfaRxzdGaG93+0kELqpgEHtwWOlQe7+jSFnKwaCAgL4kjeZCQJnw=="
      },
      "noirelib.client": {
        "type": "Project",
        "dependencies": {
          "Newtonsoft.Json": "[13.0.4, )",
          "SocketIO.Serializer.NewtonsoftJson": "[3.1.2, )",
          "SocketIOClient": "[3.1.2, )"
        }
      }
    }
  }
}